
Microsoft Visual Studio Solution File, Format Version 12.00
# Visual Studio Version 17
Project("{8BC9CEB8-8B4A-11D0-8D11-00A0C91BC942}") = "ALL_BUILD", "ALL_BUILD.vcxproj", "{828F1ECA-5FC9-3F16-B964-DEA512550E89}"
	ProjectSection(ProjectDependencies) = postProject
		{CE1A12E8-BEE1-3DD6-91C8-8D9631931D5D} = {CE1A12E8-BEE1-3DD6-91C8-8D9631931D5D}
		{DB24E9CE-9AE5-3BDA-AFE0-E85A6320EBCA} = {DB24E9CE-9AE5-3BDA-AFE0-E85A6320EBCA}
	EndProjectSection
EndProject
Project("{8BC9CEB8-8B4A-11D0-8D11-00A0C91BC942}") = "Lesson05", "Lesson05.vcxproj", "{CE1A12E8-BEE1-3DD6-91C8-8D9631931D5D}"
	ProjectSection(ProjectDependencies) = postProject
		{DB24E9CE-9AE5-3BDA-AFE0-E85A6320EBCA} = {DB24E9CE-9AE5-3BDA-AFE0-E85A6320EBCA}
	EndProjectSection
EndProject
Project("{8BC9CEB8-8B4A-11D0-8D11-00A0C91BC942}") = "ZERO_CHECK", "ZERO_CHECK.vcxproj", "{DB24E9CE-9AE5-3BDA-AFE0-E85A6320EBCA}"
	ProjectSection(ProjectDependencies) = postProject
	EndProjectSection
EndProject
Global
	GlobalSection(SolutionConfigurationPlatforms) = preSolution
		Debug|Win32 = Debug|Win32
		Release|Win32 = Release|Win32
		MinSizeRel|Win32 = MinSizeRel|Win32
		RelWithDebInfo|Win32 = RelWithDebInfo|Win32
	EndGlobalSection
	GlobalSection(ProjectConfigurationPlatforms) = postSolution
		{828F1ECA-5FC9-3F16-B964-DEA512550E89}.Debug|Win32.ActiveCfg = Debug|Win32
		{828F1ECA-5FC9-3F16-B964-DEA512550E89}.Release|Win32.ActiveCfg = Release|Win32
		{828F1ECA-5FC9-3F16-B964-DEA512550E89}.MinSizeRel|Win32.ActiveCfg = MinSizeRel|Win32
		{828F1ECA-5FC9-3F16-B964-DEA512550E89}.RelWithDebInfo|Win32.ActiveCfg = RelWithDebInfo|Win32
		{CE1A12E8-BEE1-3DD6-91C8-8D9631931D5D}.Debug|Win32.ActiveCfg = Debug|Win32
		{CE1A12E8-BEE1-3DD6-91C8-8D9631931D5D}.Debug|Win32.Build.0 = Debug|Win32
		{CE1A12E8-BEE1-3DD6-91C8-8D9631931D5D}.Release|Win32.ActiveCfg = Release|Win32
		{CE1A12E8-BEE1-3DD6-91C8-8D9631931D5D}.Release|Win32.Build.0 = Release|Win32
		{CE1A12E8-BEE1-3DD6-91C8-8D9631931D5D}.MinSizeRel|Win32.ActiveCfg = MinSizeRel|Win32
		{CE1A12E8-BEE1-3DD6-91C8-8D9631931D5D}.MinSizeRel|Win32.Build.0 = MinSizeRel|Win32
		{CE1A12E8-BEE1-3DD6-91C8-8D9631931D5D}.RelWithDebInfo|Win32.ActiveCfg = RelWithDebInfo|Win32
		{CE1A12E8-BEE1-3DD6-91C8-8D9631931D5D}.RelWithDebInfo|Win32.Build.0 = RelWithDebInfo|Win32
		{DB24E9CE-9AE5-3BDA-AFE0-E85A6320EBCA}.Debug|Win32.ActiveCfg = Debug|Win32
		{DB24E9CE-9AE5-3BDA-AFE0-E85A6320EBCA}.Debug|Win32.Build.0 = Debug|Win32
		{DB24E9CE-9AE5-3BDA-AFE0-E85A6320EBCA}.Release|Win32.ActiveCfg = Release|Win32
		{DB24E9CE-9AE5-3BDA-AFE0-E85A6320EBCA}.Release|Win32.Build.0 = Release|Win32
		{DB24E9CE-9AE5-3BDA-AFE0-E85A6320EBCA}.MinSizeRel|Win32.ActiveCfg = MinSizeRel|Win32
		{DB24E9CE-9AE5-3BDA-AFE0-E85A6320EBCA}.MinSizeRel|Win32.Build.0 = MinSizeRel|Win32
		{DB24E9CE-9AE5-3BDA-AFE0-E85A6320EBCA}.RelWithDebInfo|Win32.ActiveCfg = RelWithDebInfo|Win32
		{DB24E9CE-9AE5-3BDA-AFE0-E85A6320EBCA}.RelWithDebInfo|Win32.Build.0 = RelWithDebInfo|Win32
	EndGlobalSection
	GlobalSection(ExtensibilityGlobals) = postSolution
		SolutionGuid = {582D985D-5166-3FC4-93C7-4A3FFE152D29}
	EndGlobalSection
	GlobalSection(ExtensibilityAddIns) = postSolution
	EndGlobalSection
EndGlobal
